
Microsoft Visual Studio Solution File, Format Version 12.00
# Visual Studio Version 17
VisualStudioVersion = 17.8.34316.72
MinimumVisualStudioVersion = 10.0.40219.1
Project("{9A19103F-16F7-4668-BE54-9A1E7A4F7556}") = "QuanBichVanPS28709_ASM", "QuanBichVanPS28709_ASM.csproj", "{FE3182E7-20C8-40E9-9F08-7383BC0B826C}"
EndProject
Project("{9A19103F-16F7-4668-BE54-9A1E7A4F7556}") = "Persistence", "..\Persistence\Persistence.csproj", "{44383395-C747-4710-BAA6-54968060AAE1}"
EndProject
Project("{9A19103F-16F7-4668-BE54-9A1E7A4F7556}") = "Utility", "..\Utility\Utility.csproj", "{5D84A065-1124-46C5-B8BB-FCCEC0A67689}"
EndProject
Project("{FAE04EC0-301F-11D3-BF4B-00C04F79EFBC}") = "WebApplication2", "..\WebApplication2\WebApplication2.csproj", "{553033FF-69E2-4132-A3DC-8EBBD9B29046}"
EndProject
Global
	GlobalSection(SolutionConfigurationPlatforms) = preSolution
		Debug|Any CPU = Debug|Any CPU
		Release|Any CPU = Release|Any CPU
	EndGlobalSection
	GlobalSection(ProjectConfigurationPlatforms) = postSolution
		{FE3182E7-20C8-40E9-9F08-7383BC0B826C}.Debug|Any CPU.ActiveCfg = Debug|Any CPU
		{FE3182E7-20C8-40E9-9F08-7383BC0B826C}.Debug|Any CPU.Build.0 = Debug|Any CPU
		{FE3182E7-20C8-40E9-9F08-7383BC0B826C}.Release|Any CPU.ActiveCfg = Release|Any CPU
		{FE3182E7-20C8-40E9-9F08-7383BC0B826C}.Release|Any CPU.Build.0 = Release|Any CPU
		{44383395-C747-4710-BAA6-54968060AAE1}.Debug|Any CPU.ActiveCfg = Debug|Any CPU
		{44383395-C747-4710-BAA6-54968060AAE1}.Debug|Any CPU.Build.0 = Debug|Any CPU
		{44383395-C747-4710-BAA6-54968060AAE1}.Release|Any CPU.ActiveCfg = Release|Any CPU
		{44383395-C747-4710-BAA6-54968060AAE1}.Release|Any CPU.Build.0 = Release|Any CPU
		{5D84A065-1124-46C5-B8BB-FCCEC0A67689}.Debug|Any CPU.ActiveCfg = Debug|Any CPU
		{5D84A065-1124-46C5-B8BB-FCCEC0A67689}.Debug|Any CPU.Build.0 = Debug|Any CPU
		{5D84A065-1124-46C5-B8BB-FCCEC0A67689}.Release|Any CPU.ActiveCfg = Release|Any CPU
		{5D84A065-1124-46C5-B8BB-FCCEC0A67689}.Release|Any CPU.Build.0 = Release|Any CPU
		{553033FF-69E2-4132-A3DC-8EBBD9B29046}.Debug|Any CPU.ActiveCfg = Debug|Any CPU
		{553033FF-69E2-4132-A3DC-8EBBD9B29046}.Debug|Any CPU.Build.0 = Debug|Any CPU
		{553033FF-69E2-4132-A3DC-8EBBD9B29046}.Release|Any CPU.ActiveCfg = Release|Any CPU
		{553033FF-69E2-4132-A3DC-8EBBD9B29046}.Release|Any CPU.Build.0 = Release|Any CPU
	EndGlobalSection
	GlobalSection(SolutionProperties) = preSolution
		HideSolutionNode = FALSE
	EndGlobalSection
	GlobalSection(ExtensibilityGlobals) = postSolution
		SolutionGuid = {907AFD47-DD15-4333-B948-B193ED9B6985}
	EndGlobalSection
EndGlobal
